{
  "name": "sync-docker-image-cli",
  "version": "1.0.0",
  "lockfileVersion": 3,
  "requires": true,
  "packages": {
    "": {
      "name": "sync-docker-image-cli",
      "version": "1.0.0",
      "license": "MIT",
      "bin": {
        "sdi": "sdi.js"
      },
      "engines": {
        "node": ">=18"
      }
    }
  }
}
